
Microsoft Visual Studio Solution File, Format Version 12.00
# Visual Studio Version 17
VisualStudioVersion = 17.9.34902.65
MinimumVisualStudioVersion = 10.0.40219.1
Project("{888888A0-9F3D-457C-B088-3A5042F75D52}") = "Yanseyuwuzhinongdu-sechafenxi", "Yanseyuwuzhinongdu-sechafenxi.pyproj", "{4E02BE0F-CAA4-4C2B-940A-A2DEC09506B2}"
EndProject
Global
	GlobalSection(SolutionConfigurationPlatforms) = preSolution
		Debug|Any CPU = Debug|Any CPU
		Release|Any CPU = Release|Any CPU
	EndGlobalSection
	GlobalSection(ProjectConfigurationPlatforms) = postSolution
		{4E02BE0F-CAA4-4C2B-940A-A2DEC09506B2}.Debug|Any CPU.ActiveCfg = Debug|Any CPU
		{4E02BE0F-CAA4-4C2B-940A-A2DEC09506B2}.Release|Any CPU.ActiveCfg = Release|Any CPU
	EndGlobalSection
	GlobalSection(SolutionProperties) = preSolution
		HideSolutionNode = FALSE
	EndGlobalSection
	GlobalSection(ExtensibilityGlobals) = postSolution
		SolutionGuid = {127E8C72-737F-4FC0-A535-C9C10AA0FB22}
	EndGlobalSection
EndGlobal
